
Microsoft Visual Studio Solution File, Format Version 12.00
# Visual Studio Version 17
VisualStudioVersion = 17.4.33122.133
MinimumVisualStudioVersion = 10.0.40219.1
Project("{FAE04EC0-301F-11D3-BF4B-00C04F79EFBC}") = "20230826_Inheritance", "20230826_Inheritance\20230826_Inheritance.csproj", "{5E3413A9-B81D-4E24-AE8F-6247C953478D}"
EndProject
Global
	GlobalSection(SolutionConfigurationPlatforms) = preSolution
		Debug|Any CPU = Debug|Any CPU
		Release|Any CPU = Release|Any CPU
	EndGlobalSection
	GlobalSection(ProjectConfigurationPlatforms) = postSolution
		{5E3413A9-B81D-4E24-AE8F-6247C953478D}.Debug|Any CPU.ActiveCfg = Debug|Any CPU
		{5E3413A9-B81D-4E24-AE8F-6247C953478D}.Debug|Any CPU.Build.0 = Debug|Any CPU
		{5E3413A9-B81D-4E24-AE8F-6247C953478D}.Release|Any CPU.ActiveCfg = Release|Any CPU
		{5E3413A9-B81D-4E24-AE8F-6247C953478D}.Release|Any CPU.Build.0 = Release|Any CPU
	EndGlobalSection
	GlobalSection(SolutionProperties) = preSolution
		HideSolutionNode = FALSE
	EndGlobalSection
	GlobalSection(ExtensibilityGlobals) = postSolution
		SolutionGuid = {AA819F64-EDE3-4E8E-AD5D-A2525ED8D3DD}
	EndGlobalSection
EndGlobal
